
Microsoft Visual Studio Solution File, Format Version 12.00
# Visual Studio Version 17
VisualStudioVersion = 17.12.35707.178 d17.12
MinimumVisualStudioVersion = 10.0.40219.1
Project("{FAE04EC0-301F-11D3-BF4B-00C04F79EFBC}") = "Aps.Simple.Viewer.Api", "Aps.Simple.Viewer.Api\Aps.Simple.Viewer.Api.csproj", "{9B0E0ED2-0077-45E7-91F8-9EEF9A7F2947}"
EndProject
Project("{FAE04EC0-301F-11D3-BF4B-00C04F79EFBC}") = "Aps.Simple.Viewer.Application", "Aps.Simple.Viewer.Application\Aps.Simple.Viewer.Application.csproj", "{C36D2107-D263-4947-9A9D-FC75DD17542F}"
EndProject
Global
	GlobalSection(SolutionConfigurationPlatforms) = preSolution
		Debug|Any CPU = Debug|Any CPU
		Release|Any CPU = Release|Any CPU
	EndGlobalSection
	GlobalSection(ProjectConfigurationPlatforms) = postSolution
		{9B0E0ED2-0077-45E7-91F8-9EEF9A7F2947}.Debug|Any CPU.ActiveCfg = Debug|Any CPU
		{9B0E0ED2-0077-45E7-91F8-9EEF9A7F2947}.Debug|Any CPU.Build.0 = Debug|Any CPU
		{9B0E0ED2-0077-45E7-91F8-9EEF9A7F2947}.Release|Any CPU.ActiveCfg = Release|Any CPU
		{9B0E0ED2-0077-45E7-91F8-9EEF9A7F2947}.Release|Any CPU.Build.0 = Release|Any CPU
		{C36D2107-D263-4947-9A9D-FC75DD17542F}.Debug|Any CPU.ActiveCfg = Debug|Any CPU
		{C36D2107-D263-4947-9A9D-FC75DD17542F}.Debug|Any CPU.Build.0 = Debug|Any CPU
		{C36D2107-D263-4947-9A9D-FC75DD17542F}.Release|Any CPU.ActiveCfg = Release|Any CPU
		{C36D2107-D263-4947-9A9D-FC75DD17542F}.Release|Any CPU.Build.0 = Release|Any CPU
	EndGlobalSection
	GlobalSection(SolutionProperties) = preSolution
		HideSolutionNode = FALSE
	EndGlobalSection
EndGlobal
